
Microsoft Visual Studio Solution File, Format Version 12.00
# Visual Studio 14
VisualStudioVersion = 14.0.25420.1
MinimumVisualStudioVersion = 10.0.40219.1
Project("{FAE04EC0-301F-11D3-BF4B-00C04F79EFBC}") = "Demo01_TIMInterface", "Demo01_TIMInterface\Demo01_TIMInterface.csproj", "{F93DBCA0-AD75-440B-9E62-C3E589F813CF}"
EndProject
Project("{FAE04EC0-301F-11D3-BF4B-00C04F79EFBC}") = "Demo02_SenderOfEvent", "Demo02_SenderOfEvent\Demo02_SenderOfEvent.csproj", "{25D019F4-AAC1-451F-8434-64FC1A27AF44}"
EndProject
Project("{FAE04EC0-301F-11D3-BF4B-00C04F79EFBC}") = "Demo03_TextBoxAndPasswordBox", "Demo03_TextBoxAndPasswordBox\Demo03_TextBoxAndPasswordBox.csproj", "{90506B24-F510-417B-8F0A-3810C956854A}"
EndProject
Project("{FAE04EC0-301F-11D3-BF4B-00C04F79EFBC}") = "Demo04_RadioButtonAndDatePicker", "Demo04_RadioButtonAndDatePicker\Demo04_RadioButtonAndDatePicker.csproj", "{D8AB56BB-5D7B-469D-A70E-EAA2568C5C22}"
EndProject
Project("{FAE04EC0-301F-11D3-BF4B-00C04F79EFBC}") = "Demo05_ImageAndProgressBar", "Demo05_ImageAndProgressBar\Demo05_ImageAndProgressBar.csproj", "{6470DB71-CB02-45C2-A46C-64C9E272CA76}"
EndProject
Project("{FAE04EC0-301F-11D3-BF4B-00C04F79EFBC}") = "Demo06_StackPanel", "Demo06_StackPanel\Demo06_StackPanel.csproj", "{76549AED-2EEF-4836-8874-1C3EED1CEA17}"
EndProject
Project("{FAE04EC0-301F-11D3-BF4B-00C04F79EFBC}") = "Demo07_Grid", "Demo07_Grid\Demo07_Grid.csproj", "{FFE30024-C65E-4230-9CF9-328D078A3DBD}"
EndProject
Project("{FAE04EC0-301F-11D3-BF4B-00C04F79EFBC}") = "Demo08_CodeAddControl", "Demo08_CodeAddControl\Demo08_CodeAddControl.csproj", "{36D7667D-2239-4370-BEF3-0A7015AD2FC8}"
EndProject
Project("{FAE04EC0-301F-11D3-BF4B-00C04F79EFBC}") = "yunkeDesktop", "yunkeDesktop\yunkeDesktop.csproj", "{62C82395-379D-47BF-B4FB-C75A68907A80}"
EndProject
Project("{FAE04EC0-301F-11D3-BF4B-00C04F79EFBC}") = "Demo09_MenuAndToolBar", "Demo09_MenuAndToolBar\Demo09_MenuAndToolBar.csproj", "{62C9C8C9-EC01-461C-A846-B4FC36920CD8}"
EndProject
Project("{FAE04EC0-301F-11D3-BF4B-00C04F79EFBC}") = "Demo10_ChildFormReturnAttribute", "Demo10_ChildFormReturnAttribute\Demo10_ChildFormReturnAttribute.csproj", "{CB5BBF80-BFCF-48A1-A7E5-F6D16D3273E1}"
EndProject
Project("{FAE04EC0-301F-11D3-BF4B-00C04F79EFBC}") = "Demo11_ConfirmForm", "Demo11_ConfirmForm\Demo11_ConfirmForm.csproj", "{99EFC651-4ED7-4205-9188-A2FDA8CA1FD0}"
EndProject
Project("{FAE04EC0-301F-11D3-BF4B-00C04F79EFBC}") = "Demo12_OpenFileDialog", "Demo12_OpenFileDialog\Demo12_OpenFileDialog.csproj", "{40B25563-356D-43DE-A72A-FF997289AB89}"
EndProject
Project("{FAE04EC0-301F-11D3-BF4B-00C04F79EFBC}") = "Demo13_FramelessShadowAndMove", "Demo13_FramelessShadowAndMove\Demo13_FramelessShadowAndMove.csproj", "{9C882C7C-1215-4585-9503-ACE2C658EED5}"
EndProject
Project("{FAE04EC0-301F-11D3-BF4B-00C04F79EFBC}") = "Demo14_FramelessResize", "Demo14_FramelessResize\Demo14_FramelessResize.csproj", "{5500C9DC-C980-44B9-A808-609956FF370B}"
EndProject
Project("{FAE04EC0-301F-11D3-BF4B-00C04F79EFBC}") = "Demo15_NotificationBarIcon", "Demo15_NotificationBarIcon\Demo15_NotificationBarIcon.csproj", "{358D9AE3-43B3-4EF9-975C-7C8CC1BB5C91}"
EndProject
Project("{FAE04EC0-301F-11D3-BF4B-00C04F79EFBC}") = "Demo16_ScrollViewerScrollBar", "Demo16_ScrollViewer\Demo16_ScrollViewerScrollBar.csproj", "{903CF3A8-4B37-4888-A280-1E1868BBB3AD}"
EndProject
Project("{FAE04EC0-301F-11D3-BF4B-00C04F79EFBC}") = "Demo17_ButtonRightClickMenu", "Demo17_ButtonRightClickMenu\Demo17_ButtonRightClickMenu.csproj", "{87526054-B00D-4E46-89F1-00E73FF0736D}"
EndProject
Project("{FAE04EC0-301F-11D3-BF4B-00C04F79EFBC}") = "Demo18_RichTextBox", "Demo18_RichTextBox\Demo18_RichTextBox.csproj", "{2EC915C0-CDBA-41DF-9BF1-7634AE1F5385}"
EndProject
Project("{FAE04EC0-301F-11D3-BF4B-00C04F79EFBC}") = "Demo19_RichTextBoxAutoSize", "Demo19_RichTextBoxAutoSize\Demo19_RichTextBoxAutoSize.csproj", "{1E4C1AC4-1239-4603-8E65-62761B59D523}"
EndProject
Project("{FAE04EC0-301F-11D3-BF4B-00C04F79EFBC}") = "Demo20_ButtonLeftClickMenu", "Demo20_ButtonLeftClickMenu\Demo20_ButtonLeftClickMenu.csproj", "{1D37CE57-4F12-4260-8BF2-D55216AED6E2}"
EndProject
Project("{FAE04EC0-301F-11D3-BF4B-00C04F79EFBC}") = "Demo21_ShowPanel", "Demo21_ShowPanel\Demo21_ShowPanel.csproj", "{8FCBEB40-4AD9-4A8F-B5AB-579C9E3CA893}"
EndProject
Project("{FAE04EC0-301F-11D3-BF4B-00C04F79EFBC}") = "Demo22_CornerRadiusBorder", "Demo22_CornerRadiusBorder\Demo22_CornerRadiusBorder.csproj", "{EC252699-8036-4421-9FC6-8D737A0A91F0}"
EndProject
Project("{FAE04EC0-301F-11D3-BF4B-00C04F79EFBC}") = "Demo23_ContextmenuStyle", "Demo23_ContextmenuStyle\Demo23_ContextmenuStyle.csproj", "{A653506A-9E6D-447C-99C6-8B160B48855A}"
EndProject
Project("{FAE04EC0-301F-11D3-BF4B-00C04F79EFBC}") = "Demo24_ButtonShortcutKey", "Demo24_ButtonShortcutKey\Demo24_ButtonShortcutKey.csproj", "{F8FE58AF-EA15-4693-A31E-23E318FA3C84}"
EndProject
Project("{FAE04EC0-301F-11D3-BF4B-00C04F79EFBC}") = "Demo25_BackgroundWorker", "Demo25_BackgroundWorker\Demo25_BackgroundWorker.csproj", "{8B7BA03A-D524-41BE-A414-FB390555D66B}"
EndProject
Project("{FAE04EC0-301F-11D3-BF4B-00C04F79EFBC}") = "Demo26_Multithreading", "Demo26_Multithreading\Demo26_Multithreading.csproj", "{4D885536-D6A6-451A-9E96-D77BD74E42C5}"
EndProject
Project("{FAE04EC0-301F-11D3-BF4B-00C04F79EFBC}") = "Demo27_ComboBox", "Demo27_ComboBox\Demo27_ComboBox.csproj", "{5582054A-5DC5-4631-ADEF-8E39EA525C1B}"
EndProject
Global
	GlobalSection(SolutionConfigurationPlatforms) = preSolution
		Debug|Any CPU = Debug|Any CPU
		Release|Any CPU = Release|Any CPU
	EndGlobalSection
	GlobalSection(ProjectConfigurationPlatforms) = postSolution
		{F93DBCA0-AD75-440B-9E62-C3E589F813CF}.Debug|Any CPU.ActiveCfg = Debug|Any CPU
		{F93DBCA0-AD75-440B-9E62-C3E589F813CF}.Debug|Any CPU.Build.0 = Debug|Any CPU
		{F93DBCA0-AD75-440B-9E62-C3E589F813CF}.Release|Any CPU.ActiveCfg = Release|Any CPU
		{F93DBCA0-AD75-440B-9E62-C3E589F813CF}.Release|Any CPU.Build.0 = Release|Any CPU
		{25D019F4-AAC1-451F-8434-64FC1A27AF44}.Debug|Any CPU.ActiveCfg = Debug|Any CPU
		{25D019F4-AAC1-451F-8434-64FC1A27AF44}.Debug|Any CPU.Build.0 = Debug|Any CPU
		{25D019F4-AAC1-451F-8434-64FC1A27AF44}.Release|Any CPU.ActiveCfg = Release|Any CPU
		{25D019F4-AAC1-451F-8434-64FC1A27AF44}.Release|Any CPU.Build.0 = Release|Any CPU
		{90506B24-F510-417B-8F0A-3810C956854A}.Debug|Any CPU.ActiveCfg = Debug|Any CPU
		{90506B24-F510-417B-8F0A-3810C956854A}.Debug|Any CPU.Build.0 = Debug|Any CPU
		{90506B24-F510-417B-8F0A-3810C956854A}.Release|Any CPU.ActiveCfg = Release|Any CPU
		{90506B24-F510-417B-8F0A-3810C956854A}.Release|Any CPU.Build.0 = Release|Any CPU
		{D8AB56BB-5D7B-469D-A70E-EAA2568C5C22}.Debug|Any CPU.ActiveCfg = Debug|Any CPU
		{D8AB56BB-5D7B-469D-A70E-EAA2568C5C22}.Debug|Any CPU.Build.0 = Debug|Any CPU
		{D8AB56BB-5D7B-469D-A70E-EAA2568C5C22}.Release|Any CPU.ActiveCfg = Release|Any CPU
		{D8AB56BB-5D7B-469D-A70E-EAA2568C5C22}.Release|Any CPU.Build.0 = Release|Any CPU
		{6470DB71-CB02-45C2-A46C-64C9E272CA76}.Debug|Any CPU.ActiveCfg = Debug|Any CPU
		{6470DB71-CB02-45C2-A46C-64C9E272CA76}.Debug|Any CPU.Build.0 = Debug|Any CPU
		{6470DB71-CB02-45C2-A46C-64C9E272CA76}.Release|Any CPU.ActiveCfg = Release|Any CPU
		{6470DB71-CB02-45C2-A46C-64C9E272CA76}.Release|Any CPU.Build.0 = Release|Any CPU
		{76549AED-2EEF-4836-8874-1C3EED1CEA17}.Debug|Any CPU.ActiveCfg = Debug|Any CPU
		{76549AED-2EEF-4836-8874-1C3EED1CEA17}.Debug|Any CPU.Build.0 = Debug|Any CPU
		{76549AED-2EEF-4836-8874-1C3EED1CEA17}.Release|Any CPU.ActiveCfg = Release|Any CPU
		{76549AED-2EEF-4836-8874-1C3EED1CEA17}.Release|Any CPU.Build.0 = Release|Any CPU
		{FFE30024-C65E-4230-9CF9-328D078A3DBD}.Debug|Any CPU.ActiveCfg = Debug|Any CPU
		{FFE30024-C65E-4230-9CF9-328D078A3DBD}.Debug|Any CPU.Build.0 = Debug|Any CPU
		{FFE30024-C65E-4230-9CF9-328D078A3DBD}.Release|Any CPU.ActiveCfg = Release|Any CPU
		{FFE30024-C65E-4230-9CF9-328D078A3DBD}.Release|Any CPU.Build.0 = Release|Any CPU
		{36D7667D-2239-4370-BEF3-0A7015AD2FC8}.Debug|Any CPU.ActiveCfg = Debug|Any CPU
		{36D7667D-2239-4370-BEF3-0A7015AD2FC8}.Debug|Any CPU.Build.0 = Debug|Any CPU
		{36D7667D-2239-4370-BEF3-0A7015AD2FC8}.Release|Any CPU.ActiveCfg = Release|Any CPU
		{36D7667D-2239-4370-BEF3-0A7015AD2FC8}.Release|Any CPU.Build.0 = Release|Any CPU
		{62C82395-379D-47BF-B4FB-C75A68907A80}.Debug|Any CPU.ActiveCfg = Debug|Any CPU
		{62C82395-379D-47BF-B4FB-C75A68907A80}.Debug|Any CPU.Build.0 = Debug|Any CPU
		{62C82395-379D-47BF-B4FB-C75A68907A80}.Release|Any CPU.ActiveCfg = Release|Any CPU
		{62C82395-379D-47BF-B4FB-C75A68907A80}.Release|Any CPU.Build.0 = Release|Any CPU
		{62C9C8C9-EC01-461C-A846-B4FC36920CD8}.Debug|Any CPU.ActiveCfg = Debug|Any CPU
		{62C9C8C9-EC01-461C-A846-B4FC36920CD8}.Debug|Any CPU.Build.0 = Debug|Any CPU
		{62C9C8C9-EC01-461C-A846-B4FC36920CD8}.Release|Any CPU.ActiveCfg = Release|Any CPU
		{62C9C8C9-EC01-461C-A846-B4FC36920CD8}.Release|Any CPU.Build.0 = Release|Any CPU
		{CB5BBF80-BFCF-48A1-A7E5-F6D16D3273E1}.Debug|Any CPU.ActiveCfg = Debug|Any CPU
		{CB5BBF80-BFCF-48A1-A7E5-F6D16D3273E1}.Debug|Any CPU.Build.0 = Debug|Any CPU
		{CB5BBF80-BFCF-48A1-A7E5-F6D16D3273E1}.Release|Any CPU.ActiveCfg = Release|Any CPU
		{CB5BBF80-BFCF-48A1-A7E5-F6D16D3273E1}.Release|Any CPU.Build.0 = Release|Any CPU
		{99EFC651-4ED7-4205-9188-A2FDA8CA1FD0}.Debug|Any CPU.ActiveCfg = Debug|Any CPU
		{99EFC651-4ED7-4205-9188-A2FDA8CA1FD0}.Debug|Any CPU.Build.0 = Debug|Any CPU
		{99EFC651-4ED7-4205-9188-A2FDA8CA1FD0}.Release|Any CPU.ActiveCfg = Release|Any CPU
		{99EFC651-4ED7-4205-9188-A2FDA8CA1FD0}.Release|Any CPU.Build.0 = Release|Any CPU
		{40B25563-356D-43DE-A72A-FF997289AB89}.Debug|Any CPU.ActiveCfg = Debug|Any CPU
		{40B25563-356D-43DE-A72A-FF997289AB89}.Debug|Any CPU.Build.0 = Debug|Any CPU
		{40B25563-356D-43DE-A72A-FF997289AB89}.Release|Any CPU.ActiveCfg = Release|Any CPU
		{40B25563-356D-43DE-A72A-FF997289AB89}.Release|Any CPU.Build.0 = Release|Any CPU
		{9C882C7C-1215-4585-9503-ACE2C658EED5}.Debug|Any CPU.ActiveCfg = Debug|Any CPU
		{9C882C7C-1215-4585-9503-ACE2C658EED5}.Debug|Any CPU.Build.0 = Debug|Any CPU
		{9C882C7C-1215-4585-9503-ACE2C658EED5}.Release|Any CPU.ActiveCfg = Release|Any CPU
		{9C882C7C-1215-4585-9503-ACE2C658EED5}.Release|Any CPU.Build.0 = Release|Any CPU
		{5500C9DC-C980-44B9-A808-609956FF370B}.Debug|Any CPU.ActiveCfg = Debug|Any CPU
		{5500C9DC-C980-44B9-A808-609956FF370B}.Debug|Any CPU.Build.0 = Debug|Any CPU
		{5500C9DC-C980-44B9-A808-609956FF370B}.Release|Any CPU.ActiveCfg = Release|Any CPU
		{5500C9DC-C980-44B9-A808-609956FF370B}.Release|Any CPU.Build.0 = Release|Any CPU
		{358D9AE3-43B3-4EF9-975C-7C8CC1BB5C91}.Debug|Any CPU.ActiveCfg = Debug|Any CPU
		{358D9AE3-43B3-4EF9-975C-7C8CC1BB5C91}.Debug|Any CPU.Build.0 = Debug|Any CPU
		{358D9AE3-43B3-4EF9-975C-7C8CC1BB5C91}.Release|Any CPU.ActiveCfg = Release|Any CPU
		{358D9AE3-43B3-4EF9-975C-7C8CC1BB5C91}.Release|Any CPU.Build.0 = Release|Any CPU
		{903CF3A8-4B37-4888-A280-1E1868BBB3AD}.Debug|Any CPU.ActiveCfg = Debug|Any CPU
		{903CF3A8-4B37-4888-A280-1E1868BBB3AD}.Debug|Any CPU.Build.0 = Debug|Any CPU
		{903CF3A8-4B37-4888-A280-1E1868BBB3AD}.Release|Any CPU.ActiveCfg = Release|Any CPU
		{903CF3A8-4B37-4888-A280-1E1868BBB3AD}.Release|Any CPU.Build.0 = Release|Any CPU
		{87526054-B00D-4E46-89F1-00E73FF0736D}.Debug|Any CPU.ActiveCfg = Debug|Any CPU
		{87526054-B00D-4E46-89F1-00E73FF0736D}.Debug|Any CPU.Build.0 = Debug|Any CPU
		{87526054-B00D-4E46-89F1-00E73FF0736D}.Release|Any CPU.ActiveCfg = Release|Any CPU
		{87526054-B00D-4E46-89F1-00E73FF0736D}.Release|Any CPU.Build.0 = Release|Any CPU
		{2EC915C0-CDBA-41DF-9BF1-7634AE1F5385}.Debug|Any CPU.ActiveCfg = Debug|Any CPU
		{2EC915C0-CDBA-41DF-9BF1-7634AE1F5385}.Debug|Any CPU.Build.0 = Debug|Any CPU
		{2EC915C0-CDBA-41DF-9BF1-7634AE1F5385}.Release|Any CPU.ActiveCfg = Release|Any CPU
		{2EC915C0-CDBA-41DF-9BF1-7634AE1F5385}.Release|Any CPU.Build.0 = Release|Any CPU
		{1E4C1AC4-1239-4603-8E65-62761B59D523}.Debug|Any CPU.ActiveCfg = Debug|Any CPU
		{1E4C1AC4-1239-4603-8E65-62761B59D523}.Debug|Any CPU.Build.0 = Debug|Any CPU
		{1E4C1AC4-1239-4603-8E65-62761B59D523}.Release|Any CPU.ActiveCfg = Release|Any CPU
		{1E4C1AC4-1239-4603-8E65-62761B59D523}.Release|Any CPU.Build.0 = Release|Any CPU
		{1D37CE57-4F12-4260-8BF2-D55216AED6E2}.Debug|Any CPU.ActiveCfg = Debug|Any CPU
		{1D37CE57-4F12-4260-8BF2-D55216AED6E2}.Debug|Any CPU.Build.0 = Debug|Any CPU
		{1D37CE57-4F12-4260-8BF2-D55216AED6E2}.Release|Any CPU.ActiveCfg = Release|Any CPU
		{1D37CE57-4F12-4260-8BF2-D55216AED6E2}.Release|Any CPU.Build.0 = Release|Any CPU
		{8FCBEB40-4AD9-4A8F-B5AB-579C9E3CA893}.Debug|Any CPU.ActiveCfg = Debug|Any CPU
		{8FCBEB40-4AD9-4A8F-B5AB-579C9E3CA893}.Debug|Any CPU.Build.0 = Debug|Any CPU
		{8FCBEB40-4AD9-4A8F-B5AB-579C9E3CA893}.Release|Any CPU.ActiveCfg = Release|Any CPU
		{8FCBEB40-4AD9-4A8F-B5AB-579C9E3CA893}.Release|Any CPU.Build.0 = Release|Any CPU
		{EC252699-8036-4421-9FC6-8D737A0A91F0}.Debug|Any CPU.ActiveCfg = Debug|Any CPU
		{EC252699-8036-4421-9FC6-8D737A0A91F0}.Debug|Any CPU.Build.0 = Debug|Any CPU
		{EC252699-8036-4421-9FC6-8D737A0A91F0}.Release|Any CPU.ActiveCfg = Release|Any CPU
		{EC252699-8036-4421-9FC6-8D737A0A91F0}.Release|Any CPU.Build.0 = Release|Any CPU
		{A653506A-9E6D-447C-99C6-8B160B48855A}.Debug|Any CPU.ActiveCfg = Debug|Any CPU
		{A653506A-9E6D-447C-99C6-8B160B48855A}.Debug|Any CPU.Build.0 = Debug|Any CPU
		{A653506A-9E6D-447C-99C6-8B160B48855A}.Release|Any CPU.ActiveCfg = Release|Any CPU
		{A653506A-9E6D-447C-99C6-8B160B48855A}.Release|Any CPU.Build.0 = Release|Any CPU
		{F8FE58AF-EA15-4693-A31E-23E318FA3C84}.Debug|Any CPU.ActiveCfg = Debug|Any CPU
		{F8FE58AF-EA15-4693-A31E-23E318FA3C84}.Debug|Any CPU.Build.0 = Debug|Any CPU
		{F8FE58AF-EA15-4693-A31E-23E318FA3C84}.Release|Any CPU.ActiveCfg = Release|Any CPU
		{F8FE58AF-EA15-4693-A31E-23E318FA3C84}.Release|Any CPU.Build.0 = Release|Any CPU
		{8B7BA03A-D524-41BE-A414-FB390555D66B}.Debug|Any CPU.ActiveCfg = Debug|Any CPU
		{8B7BA03A-D524-41BE-A414-FB390555D66B}.Debug|Any CPU.Build.0 = Debug|Any CPU
		{8B7BA03A-D524-41BE-A414-FB390555D66B}.Release|Any CPU.ActiveCfg = Release|Any CPU
		{8B7BA03A-D524-41BE-A414-FB390555D66B}.Release|Any CPU.Build.0 = Release|Any CPU
		{4D885536-D6A6-451A-9E96-D77BD74E42C5}.Debug|Any CPU.ActiveCfg = Debug|Any CPU
		{4D885536-D6A6-451A-9E96-D77BD74E42C5}.Debug|Any CPU.Build.0 = Debug|Any CPU
		{4D885536-D6A6-451A-9E96-D77BD74E42C5}.Release|Any CPU.ActiveCfg = Release|Any CPU
		{4D885536-D6A6-451A-9E96-D77BD74E42C5}.Release|Any CPU.Build.0 = Release|Any CPU
		{5582054A-5DC5-4631-ADEF-8E39EA525C1B}.Debug|Any CPU.ActiveCfg = Debug|Any CPU
		{5582054A-5DC5-4631-ADEF-8E39EA525C1B}.Debug|Any CPU.Build.0 = Debug|Any CPU
		{5582054A-5DC5-4631-ADEF-8E39EA525C1B}.Release|Any CPU.ActiveCfg = Release|Any CPU
		{5582054A-5DC5-4631-ADEF-8E39EA525C1B}.Release|Any CPU.Build.0 = Release|Any CPU
	EndGlobalSection
	GlobalSection(SolutionProperties) = preSolution
		HideSolutionNode = FALSE
	EndGlobalSection
EndGlobal
